
Microsoft Visual Studio Solution File, Format Version 12.00
# Visual Studio 15
VisualStudioVersion = 15.0.28307.572
MinimumVisualStudioVersion = 10.0.40219.1
Project("{FAE04EC0-301F-11D3-BF4B-00C04F79EFBC}") = "BusinessConnexion.Web", "BusinessConnexion.Web\BusinessConnexion.Web.csproj", "{94089C1D-5626-41A2-A7B7-11D8067086DF}"
EndProject
Project("{FAE04EC0-301F-11D3-BF4B-00C04F79EFBC}") = "BusinessConnexion.DTO", "BusinessConnexion.DTO\BusinessConnexion.DTO.csproj", "{EF45A16F-D74A-4D87-9D67-2E433759A017}"
EndProject
Project("{FAE04EC0-301F-11D3-BF4B-00C04F79EFBC}") = "BusinessConnexion.EntityFrameWork", "BusinessConnexion.EntityFrameWork\BusinessConnexion.EntityFrameWork.csproj", "{57B795B7-BB91-4956-86EF-5DE457E3F092}"
EndProject
Project("{FAE04EC0-301F-11D3-BF4B-00C04F79EFBC}") = "BusinessConnexion.Service", "BusinessConnexion.Service\BusinessConnexion.Service.csproj", "{3095F943-40E5-47CE-891F-C4FB7181E850}"
EndProject
Global
	GlobalSection(SolutionConfigurationPlatforms) = preSolution
		Debug|Any CPU = Debug|Any CPU
		Release|Any CPU = Release|Any CPU
	EndGlobalSection
	GlobalSection(ProjectConfigurationPlatforms) = postSolution
		{94089C1D-5626-41A2-A7B7-11D8067086DF}.Debug|Any CPU.ActiveCfg = Debug|Any CPU
		{94089C1D-5626-41A2-A7B7-11D8067086DF}.Debug|Any CPU.Build.0 = Debug|Any CPU
		{94089C1D-5626-41A2-A7B7-11D8067086DF}.Release|Any CPU.ActiveCfg = Release|Any CPU
		{94089C1D-5626-41A2-A7B7-11D8067086DF}.Release|Any CPU.Build.0 = Release|Any CPU
		{EF45A16F-D74A-4D87-9D67-2E433759A017}.Debug|Any CPU.ActiveCfg = Debug|Any CPU
		{EF45A16F-D74A-4D87-9D67-2E433759A017}.Debug|Any CPU.Build.0 = Debug|Any CPU
		{EF45A16F-D74A-4D87-9D67-2E433759A017}.Release|Any CPU.ActiveCfg = Release|Any CPU
		{EF45A16F-D74A-4D87-9D67-2E433759A017}.Release|Any CPU.Build.0 = Release|Any CPU
		{57B795B7-BB91-4956-86EF-5DE457E3F092}.Debug|Any CPU.ActiveCfg = Debug|Any CPU
		{57B795B7-BB91-4956-86EF-5DE457E3F092}.Debug|Any CPU.Build.0 = Debug|Any CPU
		{57B795B7-BB91-4956-86EF-5DE457E3F092}.Release|Any CPU.ActiveCfg = Release|Any CPU
		{57B795B7-BB91-4956-86EF-5DE457E3F092}.Release|Any CPU.Build.0 = Release|Any CPU
		{3095F943-40E5-47CE-891F-C4FB7181E850}.Debug|Any CPU.ActiveCfg = Debug|Any CPU
		{3095F943-40E5-47CE-891F-C4FB7181E850}.Debug|Any CPU.Build.0 = Debug|Any CPU
		{3095F943-40E5-47CE-891F-C4FB7181E850}.Release|Any CPU.ActiveCfg = Release|Any CPU
		{3095F943-40E5-47CE-891F-C4FB7181E850}.Release|Any CPU.Build.0 = Release|Any CPU
	EndGlobalSection
	GlobalSection(SolutionProperties) = preSolution
		HideSolutionNode = FALSE
	EndGlobalSection
	GlobalSection(ExtensibilityGlobals) = postSolution
		SolutionGuid = {DE09D4EA-6796-4376-BE45-8E681F730133}
	EndGlobalSection
EndGlobal
